{
  "version": 4,
  "terraform_version": "1.6.0",
  "serial": 93,
  "lineage": "88424839-04dc-142a-3f47-779b8dd543ad",
  "outputs": {},
  "resources": [
    {
      "mode": "managed",
      "type": "aws_ecs_cluster",
      "name": "production",
      "provider": "provider[\"registry.terraform.io/hashicorp/aws\"]",
      "instances": [
        {
          "schema_version": 0,
          "attributes": {
            "arn": "arn:aws:ecs:us-west-1:026419734232:cluster/production-cluster",
            "configuration": [],
            "id": "arn:aws:ecs:us-west-1:026419734232:cluster/production-cluster",
            "name": "production-cluster",
            "region": "us-west-1",
            "service_connect_defaults": [],
            "setting": [
              {
                "name": "containerInsights",
                "value": "disabled"
              }
            ],
            "tags": {},
            "tags_all": {}
          },
          "sensitive_attributes": [],
          "private": "bnVsbA=="
        }
      ]
    }
  ],
  "check_results": null
}
